// !$*UTF8*$!
{
	archiveVersion = 1;
	classes = {
	};
	objectVersion = 46;
	objects = {

/* Begin PBXBuildFile section */
		11F3DE071F6DA86E0032D2F8 /* AppDelegate.swift in Sources */ = {isa = PBXBuildFile; fileRef = 11F3DE061F6DA86E0032D2F8 /* AppDelegate.swift */; };
		11F3DE091F6DA86E0032D2F8 /* ViewController.swift in Sources */ = {isa = PBXBuildFile; fileRef = 11F3DE081F6DA86E0032D2F8 /* ViewController.swift */; };
		11F3DE0C1F6DA86E0032D2F8 /* Main.storyboard in Resources */ = {isa = PBXBuildFile; fileRef = 11F3DE0A1F6DA86E0032D2F8 /* Main.storyboard */; };
		11F3DE0E1F6DA86E0032D2F8 /* Assets.xcassets in Resources */ = {isa = PBXBuildFile; fileRef = 11F3DE0D1F6DA86E0032D2F8 /* Assets.xcassets */; };
		11F3DE111F6DA86E0032D2F8 /* LaunchScreen.storyboard in Resources */ = {isa = PBXBuildFile; fileRef = 11F3DE0F1F6DA86E0032D2F8 /* LaunchScreen.storyboard */; };
/* End PBXBuildFile section */

/* Begin PBXFileReference section */
		11F3DE031F6DA86E0032D2F8 /* Base.app */ = {isa = PBXFileReference; explicitFileType = wrapper.application; includeInIndex = 0; path = Base.app; sourceTree = BUILT_PRODUCTS_DIR; };
		11F3DE061F6DA86E0032D2F8 /* AppDelegate.swift */ = {isa = PBXFileReference; lastKnownFileType = sourcecode.swift; path = AppDelegate.swift; sourceTree = "<group>"; };
		11F3DE081F6DA86E0032D2F8 /* ViewController.swift */ = {isa = PBXFileReference; lastKnownFileType = sourcecode.swift; path = ViewController.swift; sourceTree = "<group>"; };
		11F3DE0B1F6DA86E0032D2F8 /* Base */ = {isa = PBXFileReference; lastKnownFileType = file.storyboard; name = Base; path = Base.lproj/Main.storyboard; sourceTree = "<group>"; };
		11F3DE0D1F6DA86E0032D2F8 /* Assets.xcassets */ = {isa = PBXFileReference; lastKnownFileType = folder.assetcatalog; path = Assets.xcassets; sourceTree = "<group>"; };
		11F3DE101F6DA86E0032D2F8 /* Base */ = {isa = PBXFileReference; lastKnownFileType = file.storyboard; name = Base; path = Base.lproj/LaunchScreen.storyboard; sourceTree = "<group>"; };
		11F3DE121F6DA86E0032D2F8 /* Info.plist */ = {isa = PBXFileReference; lastKnownFileType = text.plist.xml; path = Info.plist; sourceTree = "<group>"; };
/* End PBXFileReference section */

/* Begin PBXFrameworksBuildPhase section */
		11F3DE001F6DA86E0032D2F8 /* Frameworks */ = {
			isa = PBXFrameworksBuildPhase;
			buildActionMask = 2147483647;
			files = (
			);
			runOnlyForDeploymentPostprocessing = 0;
		};
/* End PBXFrameworksBuildPhase section */

/* Begin PBXGroup section */
		11F3DDFA1F6DA86E0032D2F8 = {
			isa = PBXGroup;
			children = (
				11F3DE051F6DA86E0032D2F8 /* Base */,
				11F3DE041F6DA86E0032D2F8 /* Products */,
			);
			sourceTree = "<group>";
		};
		11F3DE041F6DA86E0032D2F8 /* Products */ = {
			isa = PBXGroup;
			children = (
				11F3DE031F6DA86E0032D2F8 /* Base.app */,
			);
			name = Products;
			sourceTree = "<group>";
		};
		11F3DE051F6DA86E0032D2F8 /* Base */ = {
			isa = PBXGroup;
			children = (
				11F3DE061F6DA86E0032D2F8 /* AppDelegate.swift */,
				11F3DE081F6DA86E0032D2F8 /* ViewController.swift */,
				11F3DE0A1F6DA86E0032D2F8 /* Main.storyboard */,
				11F3DE0D1F6DA86E0032D2F8 /* Assets.xcassets */,
				11F3DE0F1F6DA86E0032D2F8 /* LaunchScreen.storyboard */,
				11F3DE121F6DA86E0032D2F8 /* Info.plist */,
			);
			path = Base;
			sourceTree = "<group>";
		};
/* End PBXGroup section */

/* Begin PBXNativeTarget section */
		11F3DE021F6DA86E0032D2F8 /* Base */ = {
			isa = PBXNativeTarget;
			buildConfigurationList = 11F3DE151F6DA86E0032D2F8 /* Build configuration list for PBXNativeTarget "Base" */;
			buildPhases = (
				11F3DDFF1F6DA86E0032D2F8 /* Sources */,
				11F3DE001F6DA86E0032D2F8 /* Frameworks */,
				11F3DE011F6DA86E0032D2F8 /* Resources */,
			);
			buildRules = (
			);
			dependencies = (
			);
			name = Base;
			productName = Base;
			productReference = 11F3DE031F6DA86E0032D2F8 /* Base.app */;
			productType = "com.apple.product-type.application";
		};
/* End PBXNativeTarget section */

/* Begin PBXProject section */
		11F3DDFB1F6DA86E0032D2F8 /* Project object */ = {
			isa = PBXProject;
			attributes = {
				LastSwiftUpdateCheck = 0830;
				LastUpgradeCheck = 0830;
				ORGANIZATIONNAME = "Alexander Slobodjanjuk";
				TargetAttributes = {
					11F3DE021F6DA86E0032D2F8 = {
						CreatedOnToolsVersion = 8.3.3;
						DevelopmentTeam = 5LHF76Y88Y;
						ProvisioningStyle = Automatic;
					};
				};
			};
			buildConfigurationList = 11F3DDFE1F6DA86E0032D2F8 /* Build configuration list for PBXProject "Base" */;
			compatibilityVersion = "Xcode 3.2";
			developmentRegion = English;
			hasScannedForEncodings = 0;
			knownRegions = (
				en,
				Base,
			);
			mainGroup = 11F3DDFA1F6DA86E0032D2F8;
			productRefGroup = 11F3DE041F6DA86E0032D2F8 /* Products */;
			projectDirPath = "";
			projectRoot = "";
			targets = (
				11F3DE021F6DA86E0032D2F8 /* Base */,
			);
		};
/* End PBXProject section */

/* Begin PBXResourcesBuildPhase section */
		11F3DE011F6DA86E0032D2F8 /* Resources */ = {
			isa = PBXResourcesBuildPhase;
			buildActionMask = 2147483647;
			files = (
				11F3DE111F6DA86E0032D2F8 /* LaunchScreen.storyboard in Resources */,
				11F3DE0E1F6DA86E0032D2F8 /* Assets.xcassets in Resources */,
				11F3DE0C1F6DA86E0032D2F8 /* Main.storyboard in Resources */,
			);
			runOnlyForDeploymentPostprocessing = 0;
		};
/* End PBXResourcesBuildPhase section */

/* Begin PBXSourcesBuildPhase section */
		11F3DDFF1F6DA86E0032D2F8 /* Sources */ = {
			isa = PBXSourcesBuildPhase;
			buildActionMask = 2147483647;
			files = (
				11F3DE091F6DA86E0032D2F8 /* ViewController.swift in Sources */,
				11F3DE071F6DA86E0032D2F8 /* AppDelegate.swift in Sources */,
			);
			runOnlyForDeploymentPostprocessing = 0;
		};
/* End PBXSourcesBuildPhase section */

/* Begin PBXVariantGroup section */
		11F3DE0A1F6DA86E0032D2F8 /* Main.storyboard */ = {
			isa = PBXVariantGroup;
			children = (
				11F3DE0B1F6DA86E0032D2F8 /* Base */,
			);
			name = Main.storyboard;
			sourceTree = "<group>";
		};
		11F3DE0F1F6DA86E0032D2F8 /* LaunchScreen.storyboard */ = {
			isa = PBXVariantGroup;
			children = (
				11F3DE101F6DA86E0032D2F8 /* Base */,
			);
			name = LaunchScreen.storyboard;
			sourceTree = "<group>";
		};
/* End PBXVariantGroup section */

/* Begin XCBuildConfiguration section */
		11F3DE131F6DA86E0032D2F8 /* Debug */ = {
			isa = XCBuildConfiguration;
			buildSettings = {
				ALWAYS_SEARCH_USER_PATHS = NO;
				CLANG_ANALYZER_NONNULL = YES;
				CLANG_ANALYZER_NUMBER_OBJECT_CONVERSION = YES_AGGRESSIVE;
				CLANG_CXX_LANGUAGE_STANDARD = "gnu++0x";
				CLANG_CXX_LIBRARY = "libc++";
				CLANG_ENABLE_MODULES = YES;
				CLANG_ENABLE_OBJC_ARC = YES;
				CLANG_WARN_BOOL_CONVERSION = YES;
				CLANG_WARN_CONSTANT_CONVERSION = YES;
				CLANG_WARN_DIRECT_OBJC_ISA_USAGE = YES_ERROR;
				CLANG_WARN_DOCUMENTATION_COMMENTS = YES;
				CLANG_WARN_EMPTY_BODY = YES;
				CLANG_WARN_ENUM_CONVERSION = YES;
				CLANG_WARN_INFINITE_RECURSION = YES;
				CLANG_WARN_INT_CONVERSION = YES;
				CLANG_WARN_OBJC_ROOT_CLASS = YES_ERROR;
				CLANG_WARN_SUSPICIOUS_MOVE = YES;
				CLANG_WARN_UNREACHABLE_CODE = YES;
				CLANG_WARN__DUPLICATE_METHOD_MATCH = YES;
				"CODE_SIGN_IDENTITY[sdk=iphoneos*]" = "iPhone Developer";
				COPY_PHASE_STRIP = NO;
				DEBUG_INFORMATION_FORMAT = dwarf;
				ENABLE_STRICT_OBJC_MSGSEND = YES;
				ENABLE_TESTABILITY = YES;
				GCC_C_LANGUAGE_STANDARD = gnu99;
				GCC_DYNAMIC_NO_PIC = NO;
				GCC_NO_COMMON_BLOCKS = YES;
				GCC_OPTIMIZATION_LEVEL = 0;
				GCC_PREPROCESSOR_DEFINITIONS = (
					"DEBUG=1",
					"$(inherited)",
				);
				GCC_WARN_64_TO_32_BIT_CONVERSION = YES;
				GCC_WARN_ABOUT_RETURN_TYPE = YES_ERROR;
				GCC_WARN_UNDECLARED_SELECTOR = YES;
				GCC_WARN_UNINITIALIZED_AUTOS = YES_AGGRESSIVE;
				GCC_WARN_UNUSED_FUNCTION = YES;
				GCC_WARN_UNUSED_VARIABLE = YES;
				IPHONEOS_DEPLOYMENT_TARGET = 10.3;
				MTL_ENABLE_DEBUG_INFO = YES;
				ONLY_ACTIVE_ARCH = YES;
				SDKROOT = iphoneos;
				SWIFT_ACTIVE_COMPILATION_CONDITIONS = DEBUG;
				SWIFT_OPTIMIZATION_LEVEL = "-Onone";
			};
			name = Debug;
		};
		11F3DE141F6DA86E0032D2F8 /* Release */ = {
			isa = XCBuildConfiguration;
			buildSettings = {
				ALWAYS_SEARCH_USER_PATHS = NO;
				CLANG_ANALYZER_NONNULL = YES;
				CLANG_ANALYZER_NUMBER_OBJECT_CONVERSION = YES_AGGRESSIVE;
				CLANG_CXX_LANGUAGE_STANDARD = "gnu++0x";
				CLANG_CXX_LIBRARY = "libc++";
				CLANG_ENABLE_MODULES = YES;
				CLANG_ENABLE_OBJC_ARC = YES;
				CLANG_WARN_BOOL_CONVERSION = YES;
				CLANG_WARN_CONSTANT_CONVERSION = YES;
				CLANG_WARN_DIRECT_OBJC_ISA_USAGE = YES_ERROR;
				CLANG_WARN_DOCUMENTATION_COMMENTS = YES;
				CLANG_WARN_EMPTY_BODY = YES;
				CLANG_WARN_ENUM_CONVERSION = YES;
				CLANG_WARN_INFINITE_RECURSION = YES;
				CLANG_WARN_INT_CONVERSION = YES;
				CLANG_WARN_OBJC_ROOT_CLASS = YES_ERROR;
				CLANG_WARN_SUSPICIOUS_MOVE = YES;
				CLANG_WARN_UNREACHABLE_CODE = YES;
				CLANG_WARN__DUPLICATE_METHOD_MATCH = YES;
				"CODE_SIGN_IDENTITY[sdk=iphoneos*]" = "iPhone Developer";
				COPY_PHASE_STRIP = NO;
				DEBUG_INFORMATION_FORMAT = "dwarf-with-dsym";
				ENABLE_NS_ASSERTIONS = NO;
				ENABLE_STRICT_OBJC_MSGSEND = YES;
				GCC_C_LANGUAGE_STANDARD = gnu99;
				GCC_NO_COMMON_BLOCKS = YES;
				GCC_WARN_64_TO_32_BIT_CONVERSION = YES;
				GCC_WARN_ABOUT_RETURN_TYPE = YES_ERROR;
				GCC_WARN_UNDECLARED_SELECTOR = YES;
				GCC_WARN_UNINITIALIZED_AUTOS = YES_AGGRESSIVE;
				GCC_WARN_UNUSED_FUNCTION = YES;
				GCC_WARN_UNUSED_VARIABLE = YES;
				IPHONEOS_DEPLOYMENT_TARGET = 10.3;
				MTL_ENABLE_DEBUG_INFO = NO;
				SDKROOT = iphoneos;
				SWIFT_OPTIMIZATION_LEVEL = "-Owholemodule";
				VALIDATE_PRODUCT = YES;
			};
			name = Release;
		};
		11F3DE161F6DA86E0032D2F8 /* Debug */ = {
			isa = XCBuildConfiguration;
			buildSettings = {
				ASSETCATALOG_COMPILER_APPICON_NAME = AppIcon;
				DEVELOPMENT_TEAM = 5LHF76Y88Y;
				INFOPLIST_FILE = Base/Info.plist;
				LD_RUNPATH_SEARCH_PATHS = "$(inherited) @executable_path/Frameworks";
				PRODUCT_BUNDLE_IDENTIFIER = as.Base;
				PRODUCT_NAME = "$(TARGET_NAME)";
				SWIFT_VERSION = 3.0;
			};
			name = Debug;
		};
		11F3DE171F6DA86E0032D2F8 /* Release */ = {
			isa = XCBuildConfiguration;
			buildSettings = {
				ASSETCATALOG_COMPILER_APPICON_NAME = AppIcon;
				DEVELOPMENT_TEAM = 5LHF76Y88Y;
				INFOPLIST_FILE = Base/Info.plist;
				LD_RUNPATH_SEARCH_PATHS = "$(inherited) @executable_path/Frameworks";
				PRODUCT_BUNDLE_IDENTIFIER = as.Base;
				PRODUCT_NAME = "$(TARGET_NAME)";
				SWIFT_VERSION = 3.0;
			};
			name = Release;
		};
/* End XCBuildConfiguration section */

/* Begin XCConfigurationList section */
		11F3DDFE1F6DA86E0032D2F8 /* Build configuration list for PBXProject "Base" */ = {
			isa = XCConfigurationList;
			buildConfigurations = (
				11F3DE131F6DA86E0032D2F8 /* Debug */,
				11F3DE141F6DA86E0032D2F8 /* Release */,
			);
			defaultConfigurationIsVisible = 0;
			defaultConfigurationName = Release;
		};
		11F3DE151F6DA86E0032D2F8 /* Build configuration list for PBXNativeTarget "Base" */ = {
			isa = XCConfigurationList;
			buildConfigurations = (
				11F3DE161F6DA86E0032D2F8 /* Debug */,
				11F3DE171F6DA86E0032D2F8 /* Release */,
			);
			defaultConfigurationIsVisible = 0;
		};
/* End XCConfigurationList section */
	};
	rootObject = 11F3DDFB1F6DA86E0032D2F8 /* Project object */;
}
